
Microsoft Visual Studio Solution File, Format Version 12.00
# Visual Studio 2013
VisualStudioVersion = 12.0.21005.1
MinimumVisualStudioVersion = 10.0.40219.1
Project("{8BC9CEB8-8B4A-11D0-8D11-00A0C91BC942}") = "Alibaba_WordBreak", "HelloWorld\HelloWorld.vcxproj", "{E82424AE-E7DC-430D-8862-4A8D3E48CBA3}"
EndProject
Project("{8BC9CEB8-8B4A-11D0-8D11-00A0C91BC942}") = "Alibaba_SongxinQiwang", "ConsoleApplication1\ConsoleApplication1.vcxproj", "{AF4C7451-7B99-4B52-9BD0-FF3A75988E01}"
EndProject
Project("{8BC9CEB8-8B4A-11D0-8D11-00A0C91BC942}") = "Didi_MaxSumOfSubArray", "MaxSumOfSubArray\MaxSumOfSubArray.vcxproj", "{C968E768-75B5-4579-A155-CEA46DF4A58F}"
EndProject
Project("{8BC9CEB8-8B4A-11D0-8D11-00A0C91BC942}") = "Didi_KthNumOfArray", "KthNumOfArray\KthNumOfArray.vcxproj", "{9F11F82B-00FC-4189-8A86-2040255BA22A}"
EndProject
Project("{8BC9CEB8-8B4A-11D0-8D11-00A0C91BC942}") = "Hello_World", "Hello_World\Hello_World.vcxproj", "{12776763-D47D-4578-9D29-B7C17DD553F9}"
EndProject
Project("{8BC9CEB8-8B4A-11D0-8D11-00A0C91BC942}") = "Sohu_KolakoskiSequence", "Sohu_KolakoskiSequence\Sohu_KolakoskiSequence.vcxproj", "{24D4CAA1-B34D-4752-AB28-F1C0DE0FDDD6}"
EndProject
Project("{8BC9CEB8-8B4A-11D0-8D11-00A0C91BC942}") = "Zhongxing_SecretCode", "Zhongxing_ScreatCode\Zhongxing_ScreatCode.vcxproj", "{A5F9F432-E16E-4F19-9111-BD3CFEF286CB}"
EndProject
Project("{8BC9CEB8-8B4A-11D0-8D11-00A0C91BC942}") = "Zhongxing_FindDefferentWays", "Zhongxing_FindDefferentWays\Zhongxing_FindDefferentWays.vcxproj", "{1C918C7D-907B-4953-ABA4-32F31CE0B34C}"
EndProject
Project("{8BC9CEB8-8B4A-11D0-8D11-00A0C91BC942}") = "Meituan_GaiKaojuan", "Meituan_GaiKaojuan\Meituan_GaiKaojuan.vcxproj", "{4C07EC85-75EC-4342-AD5A-C05F4A99EDCE}"
EndProject
Project("{8BC9CEB8-8B4A-11D0-8D11-00A0C91BC942}") = "Meituan_MutipleK", "Meituan_MutipleK\Meituan_MutipleK.vcxproj", "{39B20442-E63F-4CC1-A92E-D4CD5E1B25A6}"
EndProject
Project("{8BC9CEB8-8B4A-11D0-8D11-00A0C91BC942}") = "JD_BracketSequence", "JD_BracketSequence\JD_BracketSequence.vcxproj", "{3C762A0C-0563-47D9-B427-A5C019579002}"
EndProject
Project("{8BC9CEB8-8B4A-11D0-8D11-00A0C91BC942}") = "Didi_UglyNumber", "Didi_UglyNumber\Didi_UglyNumber.vcxproj", "{31CFEDBA-46C5-4786-8908-E77B632B30B7}"
EndProject
Project("{8BC9CEB8-8B4A-11D0-8D11-00A0C91BC942}") = "Didi_Xor", "Didi_Xor\Didi_Xor.vcxproj", "{110EF9B9-18FE-4A60-8269-919268B6FB57}"
EndProject
Project("{8BC9CEB8-8B4A-11D0-8D11-00A0C91BC942}") = "Huawei_ZimuTihuan", "Huawei_ZimuTihuan\Huawei_ZimuTihuan.vcxproj", "{0C12704D-5A2A-4125-8B35-5652EAD88C3C}"
EndProject
Project("{8BC9CEB8-8B4A-11D0-8D11-00A0C91BC942}") = "Huawei_ISBN", "Huawei_ISBN\Huawei_ISBN.vcxproj", "{D3D6BB8C-F036-4075-9960-3BD793B2A00A}"
EndProject
Project("{8BC9CEB8-8B4A-11D0-8D11-00A0C91BC942}") = "Huawei_YumingPaixu", "Huawei_YumingPaixu\Huawei_YumingPaixu.vcxproj", "{E378A02A-2CC9-4E41-879A-78B3C81BA258}"
EndProject
Global
	GlobalSection(SolutionConfigurationPlatforms) = preSolution
		Debug|Win32 = Debug|Win32
		Release|Win32 = Release|Win32
	EndGlobalSection
	GlobalSection(ProjectConfigurationPlatforms) = postSolution
		{E82424AE-E7DC-430D-8862-4A8D3E48CBA3}.Debug|Win32.ActiveCfg = Debug|Win32
		{E82424AE-E7DC-430D-8862-4A8D3E48CBA3}.Debug|Win32.Build.0 = Debug|Win32
		{E82424AE-E7DC-430D-8862-4A8D3E48CBA3}.Release|Win32.ActiveCfg = Release|Win32
		{E82424AE-E7DC-430D-8862-4A8D3E48CBA3}.Release|Win32.Build.0 = Release|Win32
		{AF4C7451-7B99-4B52-9BD0-FF3A75988E01}.Debug|Win32.ActiveCfg = Debug|Win32
		{AF4C7451-7B99-4B52-9BD0-FF3A75988E01}.Debug|Win32.Build.0 = Debug|Win32
		{AF4C7451-7B99-4B52-9BD0-FF3A75988E01}.Release|Win32.ActiveCfg = Release|Win32
		{AF4C7451-7B99-4B52-9BD0-FF3A75988E01}.Release|Win32.Build.0 = Release|Win32
		{C968E768-75B5-4579-A155-CEA46DF4A58F}.Debug|Win32.ActiveCfg = Debug|Win32
		{C968E768-75B5-4579-A155-CEA46DF4A58F}.Debug|Win32.Build.0 = Debug|Win32
		{C968E768-75B5-4579-A155-CEA46DF4A58F}.Release|Win32.ActiveCfg = Release|Win32
		{C968E768-75B5-4579-A155-CEA46DF4A58F}.Release|Win32.Build.0 = Release|Win32
		{9F11F82B-00FC-4189-8A86-2040255BA22A}.Debug|Win32.ActiveCfg = Debug|Win32
		{9F11F82B-00FC-4189-8A86-2040255BA22A}.Debug|Win32.Build.0 = Debug|Win32
		{9F11F82B-00FC-4189-8A86-2040255BA22A}.Release|Win32.ActiveCfg = Release|Win32
		{9F11F82B-00FC-4189-8A86-2040255BA22A}.Release|Win32.Build.0 = Release|Win32
		{12776763-D47D-4578-9D29-B7C17DD553F9}.Debug|Win32.ActiveCfg = Debug|Win32
		{12776763-D47D-4578-9D29-B7C17DD553F9}.Debug|Win32.Build.0 = Debug|Win32
		{12776763-D47D-4578-9D29-B7C17DD553F9}.Release|Win32.ActiveCfg = Release|Win32
		{12776763-D47D-4578-9D29-B7C17DD553F9}.Release|Win32.Build.0 = Release|Win32
		{24D4CAA1-B34D-4752-AB28-F1C0DE0FDDD6}.Debug|Win32.ActiveCfg = Debug|Win32
		{24D4CAA1-B34D-4752-AB28-F1C0DE0FDDD6}.Debug|Win32.Build.0 = Debug|Win32
		{24D4CAA1-B34D-4752-AB28-F1C0DE0FDDD6}.Release|Win32.ActiveCfg = Release|Win32
		{24D4CAA1-B34D-4752-AB28-F1C0DE0FDDD6}.Release|Win32.Build.0 = Release|Win32
		{A5F9F432-E16E-4F19-9111-BD3CFEF286CB}.Debug|Win32.ActiveCfg = Debug|Win32
		{A5F9F432-E16E-4F19-9111-BD3CFEF286CB}.Debug|Win32.Build.0 = Debug|Win32
		{A5F9F432-E16E-4F19-9111-BD3CFEF286CB}.Release|Win32.ActiveCfg = Release|Win32
		{A5F9F432-E16E-4F19-9111-BD3CFEF286CB}.Release|Win32.Build.0 = Release|Win32
		{1C918C7D-907B-4953-ABA4-32F31CE0B34C}.Debug|Win32.ActiveCfg = Debug|Win32
		{1C918C7D-907B-4953-ABA4-32F31CE0B34C}.Debug|Win32.Build.0 = Debug|Win32
		{1C918C7D-907B-4953-ABA4-32F31CE0B34C}.Release|Win32.ActiveCfg = Release|Win32
		{1C918C7D-907B-4953-ABA4-32F31CE0B34C}.Release|Win32.Build.0 = Release|Win32
		{4C07EC85-75EC-4342-AD5A-C05F4A99EDCE}.Debug|Win32.ActiveCfg = Debug|Win32
		{4C07EC85-75EC-4342-AD5A-C05F4A99EDCE}.Debug|Win32.Build.0 = Debug|Win32
		{4C07EC85-75EC-4342-AD5A-C05F4A99EDCE}.Release|Win32.ActiveCfg = Release|Win32
		{4C07EC85-75EC-4342-AD5A-C05F4A99EDCE}.Release|Win32.Build.0 = Release|Win32
		{39B20442-E63F-4CC1-A92E-D4CD5E1B25A6}.Debug|Win32.ActiveCfg = Debug|Win32
		{39B20442-E63F-4CC1-A92E-D4CD5E1B25A6}.Debug|Win32.Build.0 = Debug|Win32
		{39B20442-E63F-4CC1-A92E-D4CD5E1B25A6}.Release|Win32.ActiveCfg = Release|Win32
		{39B20442-E63F-4CC1-A92E-D4CD5E1B25A6}.Release|Win32.Build.0 = Release|Win32
		{3C762A0C-0563-47D9-B427-A5C019579002}.Debug|Win32.ActiveCfg = Debug|Win32
		{3C762A0C-0563-47D9-B427-A5C019579002}.Debug|Win32.Build.0 = Debug|Win32
		{3C762A0C-0563-47D9-B427-A5C019579002}.Release|Win32.ActiveCfg = Release|Win32
		{3C762A0C-0563-47D9-B427-A5C019579002}.Release|Win32.Build.0 = Release|Win32
		{31CFEDBA-46C5-4786-8908-E77B632B30B7}.Debug|Win32.ActiveCfg = Debug|Win32
		{31CFEDBA-46C5-4786-8908-E77B632B30B7}.Debug|Win32.Build.0 = Debug|Win32
		{31CFEDBA-46C5-4786-8908-E77B632B30B7}.Release|Win32.ActiveCfg = Release|Win32
		{31CFEDBA-46C5-4786-8908-E77B632B30B7}.Release|Win32.Build.0 = Release|Win32
		{110EF9B9-18FE-4A60-8269-919268B6FB57}.Debug|Win32.ActiveCfg = Debug|Win32
		{110EF9B9-18FE-4A60-8269-919268B6FB57}.Debug|Win32.Build.0 = Debug|Win32
		{110EF9B9-18FE-4A60-8269-919268B6FB57}.Release|Win32.ActiveCfg = Release|Win32
		{110EF9B9-18FE-4A60-8269-919268B6FB57}.Release|Win32.Build.0 = Release|Win32
		{0C12704D-5A2A-4125-8B35-5652EAD88C3C}.Debug|Win32.ActiveCfg = Debug|Win32
		{0C12704D-5A2A-4125-8B35-5652EAD88C3C}.Debug|Win32.Build.0 = Debug|Win32
		{0C12704D-5A2A-4125-8B35-5652EAD88C3C}.Release|Win32.ActiveCfg = Release|Win32
		{0C12704D-5A2A-4125-8B35-5652EAD88C3C}.Release|Win32.Build.0 = Release|Win32
		{D3D6BB8C-F036-4075-9960-3BD793B2A00A}.Debug|Win32.ActiveCfg = Debug|Win32
		{D3D6BB8C-F036-4075-9960-3BD793B2A00A}.Debug|Win32.Build.0 = Debug|Win32
		{D3D6BB8C-F036-4075-9960-3BD793B2A00A}.Release|Win32.ActiveCfg = Release|Win32
		{D3D6BB8C-F036-4075-9960-3BD793B2A00A}.Release|Win32.Build.0 = Release|Win32
		{E378A02A-2CC9-4E41-879A-78B3C81BA258}.Debug|Win32.ActiveCfg = Debug|Win32
		{E378A02A-2CC9-4E41-879A-78B3C81BA258}.Debug|Win32.Build.0 = Debug|Win32
		{E378A02A-2CC9-4E41-879A-78B3C81BA258}.Release|Win32.ActiveCfg = Release|Win32
		{E378A02A-2CC9-4E41-879A-78B3C81BA258}.Release|Win32.Build.0 = Release|Win32
	EndGlobalSection
	GlobalSection(SolutionProperties) = preSolution
		HideSolutionNode = FALSE
	EndGlobalSection
EndGlobal
